
Microsoft Visual Studio Solution File, Format Version 12.00
# Visual Studio Version 17
VisualStudioVersion = 17.8.34525.116
MinimumVisualStudioVersion = 10.0.40219.1
Project("{FAE04EC0-301F-11D3-BF4B-00C04F79EFBC}") = "ConsoleAppSalario", "ConsoleAppSalario\ConsoleAppSalario.csproj", "{B82D9680-BA76-441F-95DD-2AF0C70C546D}"
EndProject
Global
	GlobalSection(SolutionConfigurationPlatforms) = preSolution
		Debug|Any CPU = Debug|Any CPU
		Release|Any CPU = Release|Any CPU
	EndGlobalSection
	GlobalSection(ProjectConfigurationPlatforms) = postSolution
		{B82D9680-BA76-441F-95DD-2AF0C70C546D}.Debug|Any CPU.ActiveCfg = Debug|Any CPU
		{B82D9680-BA76-441F-95DD-2AF0C70C546D}.Debug|Any CPU.Build.0 = Debug|Any CPU
		{B82D9680-BA76-441F-95DD-2AF0C70C546D}.Release|Any CPU.ActiveCfg = Release|Any CPU
		{B82D9680-BA76-441F-95DD-2AF0C70C546D}.Release|Any CPU.Build.0 = Release|Any CPU
	EndGlobalSection
	GlobalSection(SolutionProperties) = preSolution
		HideSolutionNode = FALSE
	EndGlobalSection
	GlobalSection(ExtensibilityGlobals) = postSolution
		SolutionGuid = {79290161-C3D9-4D7E-9E51-F725ED439DA5}
	EndGlobalSection
EndGlobal
